// !$*UTF8*$!
{
	archiveVersion = 1;
	classes = {
	};
	objectVersion = 46;
	objects = {

/* Begin PBXBuildFile section */
		1ED22D071B94934B006F49DC /* main.m in Sources */ = {isa = PBXBuildFile; fileRef = 1ED22D061B94934B006F49DC /* main.m */; };
		1ED22D0A1B94934B006F49DC /* AppDelegate.m in Sources */ = {isa = PBXBuildFile; fileRef = 1ED22D091B94934B006F49DC /* AppDelegate.m */; };
		1ED22D0D1B94934B006F49DC /* ViewController.m in Sources */ = {isa = PBXBuildFile; fileRef = 1ED22D0C1B94934B006F49DC /* ViewController.m */; };
		1ED22D101B94934B006F49DC /* Main.storyboard in Resources */ = {isa = PBXBuildFile; fileRef = 1ED22D0E1B94934B006F49DC /* Main.storyboard */; };
		1ED22D121B94934B006F49DC /* Images.xcassets in Resources */ = {isa = PBXBuildFile; fileRef = 1ED22D111B94934B006F49DC /* Images.xcassets */; };
		1ED22D151B94934B006F49DC /* LaunchScreen.xib in Resources */ = {isa = PBXBuildFile; fileRef = 1ED22D131B94934B006F49DC /* LaunchScreen.xib */; };
		1ED22D211B94934B006F49DC /* XCSTest2Tests.m in Sources */ = {isa = PBXBuildFile; fileRef = 1ED22D201B94934B006F49DC /* XCSTest2Tests.m */; };
/* End PBXBuildFile section */

/* Begin PBXContainerItemProxy section */
		1ED22D1B1B94934B006F49DC /* PBXContainerItemProxy */ = {
			isa = PBXContainerItemProxy;
			containerPortal = 1ED22CF91B94934B006F49DC /* Project object */;
			proxyType = 1;
			remoteGlobalIDString = 1ED22D001B94934B006F49DC;
			remoteInfo = XCSTest2;
		};
/* End PBXContainerItemProxy section */

/* Begin PBXFileReference section */
		1ED22D011B94934B006F49DC /* XCSTest2.app */ = {isa = PBXFileReference; explicitFileType = wrapper.application; includeInIndex = 0; path = XCSTest2.app; sourceTree = BUILT_PRODUCTS_DIR; };
		1ED22D051B94934B006F49DC /* Info.plist */ = {isa = PBXFileReference; lastKnownFileType = text.plist.xml; path = Info.plist; sourceTree = "<group>"; };
		1ED22D061B94934B006F49DC /* main.m */ = {isa = PBXFileReference; lastKnownFileType = sourcecode.c.objc; path = main.m; sourceTree = "<group>"; };
		1ED22D081B94934B006F49DC /* AppDelegate.h */ = {isa = PBXFileReference; lastKnownFileType = sourcecode.c.h; path = AppDelegate.h; sourceTree = "<group>"; };
		1ED22D091B94934B006F49DC /* AppDelegate.m */ = {isa = PBXFileReference; lastKnownFileType = sourcecode.c.objc; path = AppDelegate.m; sourceTree = "<group>"; };
		1ED22D0B1B94934B006F49DC /* ViewController.h */ = {isa = PBXFileReference; lastKnownFileType = sourcecode.c.h; path = ViewController.h; sourceTree = "<group>"; };
		1ED22D0C1B94934B006F49DC /* ViewController.m */ = {isa = PBXFileReference; lastKnownFileType = sourcecode.c.objc; path = ViewController.m; sourceTree = "<group>"; };
		1ED22D0F1B94934B006F49DC /* Base */ = {isa = PBXFileReference; lastKnownFileType = file.storyboard; name = Base; path = Base.lproj/Main.storyboard; sourceTree = "<group>"; };
		1ED22D111B94934B006F49DC /* Images.xcassets */ = {isa = PBXFileReference; lastKnownFileType = folder.assetcatalog; path = Images.xcassets; sourceTree = "<group>"; };
		1ED22D141B94934B006F49DC /* Base */ = {isa = PBXFileReference; lastKnownFileType = file.xib; name = Base; path = Base.lproj/LaunchScreen.xib; sourceTree = "<group>"; };
		1ED22D1A1B94934B006F49DC /* XCSTest2Tests.xctest */ = {isa = PBXFileReference; explicitFileType = wrapper.cfbundle; includeInIndex = 0; path = XCSTest2Tests.xctest; sourceTree = BUILT_PRODUCTS_DIR; };
		1ED22D1F1B94934B006F49DC /* Info.plist */ = {isa = PBXFileReference; lastKnownFileType = text.plist.xml; path = Info.plist; sourceTree = "<group>"; };
		1ED22D201B94934B006F49DC /* XCSTest2Tests.m */ = {isa = PBXFileReference; lastKnownFileType = sourcecode.c.objc; path = XCSTest2Tests.m; sourceTree = "<group>"; };
/* End PBXFileReference section */

/* Begin PBXFrameworksBuildPhase section */
		1ED22CFE1B94934B006F49DC /* Frameworks */ = {
			isa = PBXFrameworksBuildPhase;
			buildActionMask = 2147483647;
			files = (
			);
			runOnlyForDeploymentPostprocessing = 0;
		};
		1ED22D171B94934B006F49DC /* Frameworks */ = {
			isa = PBXFrameworksBuildPhase;
			buildActionMask = 2147483647;
			files = (
			);
			runOnlyForDeploymentPostprocessing = 0;
		};
/* End PBXFrameworksBuildPhase section */

/* Begin PBXGroup section */
		1ED22CF81B94934B006F49DC = {
			isa = PBXGroup;
			children = (
				1ED22D031B94934B006F49DC /* XCSTest2 */,
				1ED22D1D1B94934B006F49DC /* XCSTest2Tests */,
				1ED22D021B94934B006F49DC /* Products */,
			);
			sourceTree = "<group>";
		};
		1ED22D021B94934B006F49DC /* Products */ = {
			isa = PBXGroup;
			children = (
				1ED22D011B94934B006F49DC /* XCSTest2.app */,
				1ED22D1A1B94934B006F49DC /* XCSTest2Tests.xctest */,
			);
			name = Products;
			sourceTree = "<group>";
		};
		1ED22D031B94934B006F49DC /* XCSTest2 */ = {
			isa = PBXGroup;
			children = (
				1ED22D081B94934B006F49DC /* AppDelegate.h */,
				1ED22D091B94934B006F49DC /* AppDelegate.m */,
				1ED22D0B1B94934B006F49DC /* ViewController.h */,
				1ED22D0C1B94934B006F49DC /* ViewController.m */,
				1ED22D0E1B94934B006F49DC /* Main.storyboard */,
				1ED22D111B94934B006F49DC /* Images.xcassets */,
				1ED22D131B94934B006F49DC /* LaunchScreen.xib */,
				1ED22D041B94934B006F49DC /* Supporting Files */,
			);
			path = XCSTest2;
			sourceTree = "<group>";
		};
		1ED22D041B94934B006F49DC /* Supporting Files */ = {
			isa = PBXGroup;
			children = (
				1ED22D051B94934B006F49DC /* Info.plist */,
				1ED22D061B94934B006F49DC /* main.m */,
			);
			name = "Supporting Files";
			sourceTree = "<group>";
		};
		1ED22D1D1B94934B006F49DC /* XCSTest2Tests */ = {
			isa = PBXGroup;
			children = (
				1ED22D201B94934B006F49DC /* XCSTest2Tests.m */,
				1ED22D1E1B94934B006F49DC /* Supporting Files */,
			);
			path = XCSTest2Tests;
			sourceTree = "<group>";
		};
		1ED22D1E1B94934B006F49DC /* Supporting Files */ = {
			isa = PBXGroup;
			children = (
				1ED22D1F1B94934B006F49DC /* Info.plist */,
			);
			name = "Supporting Files";
			sourceTree = "<group>";
		};
/* End PBXGroup section */

/* Begin PBXNativeTarget section */
		1ED22D001B94934B006F49DC /* XCSTest2 */ = {
			isa = PBXNativeTarget;
			buildConfigurationList = 1ED22D241B94934B006F49DC /* Build configuration list for PBXNativeTarget "XCSTest2" */;
			buildPhases = (
				1ED22CFD1B94934B006F49DC /* Sources */,
				1ED22CFE1B94934B006F49DC /* Frameworks */,
				1ED22CFF1B94934B006F49DC /* Resources */,
			);
			buildRules = (
			);
			dependencies = (
			);
			name = XCSTest2;
			productName = XCSTest2;
			productReference = 1ED22D011B94934B006F49DC /* XCSTest2.app */;
			productType = "com.apple.product-type.application";
		};
		1ED22D191B94934B006F49DC /* XCSTest2Tests */ = {
			isa = PBXNativeTarget;
			buildConfigurationList = 1ED22D271B94934B006F49DC /* Build configuration list for PBXNativeTarget "XCSTest2Tests" */;
			buildPhases = (
				1ED22D161B94934B006F49DC /* Sources */,
				1ED22D171B94934B006F49DC /* Frameworks */,
				1ED22D181B94934B006F49DC /* Resources */,
			);
			buildRules = (
			);
			dependencies = (
				1ED22D1C1B94934B006F49DC /* PBXTargetDependency */,
			);
			name = XCSTest2Tests;
			productName = XCSTest2Tests;
			productReference = 1ED22D1A1B94934B006F49DC /* XCSTest2Tests.xctest */;
			productType = "com.apple.product-type.bundle.unit-test";
		};
/* End PBXNativeTarget section */

/* Begin PBXProject section */
		1ED22CF91B94934B006F49DC /* Project object */ = {
			isa = PBXProject;
			attributes = {
				LastUpgradeCheck = 0640;
				ORGANIZATIONNAME = Better;
				TargetAttributes = {
					1ED22D001B94934B006F49DC = {
						CreatedOnToolsVersion = 6.4;
					};
					1ED22D191B94934B006F49DC = {
						CreatedOnToolsVersion = 6.4;
						TestTargetID = 1ED22D001B94934B006F49DC;
					};
				};
			};
			buildConfigurationList = 1ED22CFC1B94934B006F49DC /* Build configuration list for PBXProject "XCSTest2" */;
			compatibilityVersion = "Xcode 3.2";
			developmentRegion = English;
			hasScannedForEncodings = 0;
			knownRegions = (
				en,
				Base,
			);
			mainGroup = 1ED22CF81B94934B006F49DC;
			productRefGroup = 1ED22D021B94934B006F49DC /* Products */;
			projectDirPath = "";
			projectRoot = "";
			targets = (
				1ED22D001B94934B006F49DC /* XCSTest2 */,
				1ED22D191B94934B006F49DC /* XCSTest2Tests */,
			);
		};
/* End PBXProject section */

/* Begin PBXResourcesBuildPhase section */
		1ED22CFF1B94934B006F49DC /* Resources */ = {
			isa = PBXResourcesBuildPhase;
			buildActionMask = 2147483647;
			files = (
				1ED22D101B94934B006F49DC /* Main.storyboard in Resources */,
				1ED22D151B94934B006F49DC /* LaunchScreen.xib in Resources */,
				1ED22D121B94934B006F49DC /* Images.xcassets in Resources */,
			);
			runOnlyForDeploymentPostprocessing = 0;
		};
		1ED22D181B94934B006F49DC /* Resources */ = {
			isa = PBXResourcesBuildPhase;
			buildActionMask = 2147483647;
			files = (
			);
			runOnlyForDeploymentPostprocessing = 0;
		};
/* End PBXResourcesBuildPhase section */

/* Begin PBXSourcesBuildPhase section */
		1ED22CFD1B94934B006F49DC /* Sources */ = {
			isa = PBXSourcesBuildPhase;
			buildActionMask = 2147483647;
			files = (
				1ED22D0D1B94934B006F49DC /* ViewController.m in Sources */,
				1ED22D0A1B94934B006F49DC /* AppDelegate.m in Sources */,
				1ED22D071B94934B006F49DC /* main.m in Sources */,
			);
			runOnlyForDeploymentPostprocessing = 0;
		};
		1ED22D161B94934B006F49DC /* Sources */ = {
			isa = PBXSourcesBuildPhase;
			buildActionMask = 2147483647;
			files = (
				1ED22D211B94934B006F49DC /* XCSTest2Tests.m in Sources */,
			);
			runOnlyForDeploymentPostprocessing = 0;
		};
/* End PBXSourcesBuildPhase section */

/* Begin PBXTargetDependency section */
		1ED22D1C1B94934B006F49DC /* PBXTargetDependency */ = {
			isa = PBXTargetDependency;
			target = 1ED22D001B94934B006F49DC /* XCSTest2 */;
			targetProxy = 1ED22D1B1B94934B006F49DC /* PBXContainerItemProxy */;
		};
/* End PBXTargetDependency section */

/* Begin PBXVariantGroup section */
		1ED22D0E1B94934B006F49DC /* Main.storyboard */ = {
			isa = PBXVariantGroup;
			children = (
				1ED22D0F1B94934B006F49DC /* Base */,
			);
			name = Main.storyboard;
			sourceTree = "<group>";
		};
		1ED22D131B94934B006F49DC /* LaunchScreen.xib */ = {
			isa = PBXVariantGroup;
			children = (
				1ED22D141B94934B006F49DC /* Base */,
			);
			name = LaunchScreen.xib;
			sourceTree = "<group>";
		};
/* End PBXVariantGroup section */

/* Begin XCBuildConfiguration section */
		1ED22D221B94934B006F49DC /* Debug */ = {
			isa = XCBuildConfiguration;
			buildSettings = {
				ALWAYS_SEARCH_USER_PATHS = NO;
				CLANG_CXX_LANGUAGE_STANDARD = "gnu++0x";
				CLANG_CXX_LIBRARY = "libc++";
				CLANG_ENABLE_MODULES = YES;
				CLANG_ENABLE_OBJC_ARC = YES;
				CLANG_WARN_BOOL_CONVERSION = YES;
				CLANG_WARN_CONSTANT_CONVERSION = YES;
				CLANG_WARN_DIRECT_OBJC_ISA_USAGE = YES_ERROR;
				CLANG_WARN_EMPTY_BODY = YES;
				CLANG_WARN_ENUM_CONVERSION = YES;
				CLANG_WARN_INT_CONVERSION = YES;
				CLANG_WARN_OBJC_ROOT_CLASS = YES_ERROR;
				CLANG_WARN_UNREACHABLE_CODE = YES;
				CLANG_WARN__DUPLICATE_METHOD_MATCH = YES;
				"CODE_SIGN_IDENTITY[sdk=iphoneos*]" = "iPhone Developer";
				COPY_PHASE_STRIP = NO;
				DEBUG_INFORMATION_FORMAT = "dwarf-with-dsym";
				ENABLE_STRICT_OBJC_MSGSEND = YES;
				GCC_C_LANGUAGE_STANDARD = gnu99;
				GCC_DYNAMIC_NO_PIC = NO;
				GCC_NO_COMMON_BLOCKS = YES;
				GCC_OPTIMIZATION_LEVEL = 0;
				GCC_PREPROCESSOR_DEFINITIONS = (
					"DEBUG=1",
					"$(inherited)",
				);
				GCC_SYMBOLS_PRIVATE_EXTERN = NO;
				GCC_WARN_64_TO_32_BIT_CONVERSION = YES;
				GCC_WARN_ABOUT_RETURN_TYPE = YES_ERROR;
				GCC_WARN_UNDECLARED_SELECTOR = YES;
				GCC_WARN_UNINITIALIZED_AUTOS = YES_AGGRESSIVE;
				GCC_WARN_UNUSED_FUNCTION = YES;
				GCC_WARN_UNUSED_VARIABLE = YES;
				IPHONEOS_DEPLOYMENT_TARGET = 8.4;
				MTL_ENABLE_DEBUG_INFO = YES;
				ONLY_ACTIVE_ARCH = YES;
				SDKROOT = iphoneos;
				TARGETED_DEVICE_FAMILY = "1,2";
			};
			name = Debug;
		};
		1ED22D231B94934B006F49DC /* Release */ = {
			isa = XCBuildConfiguration;
			buildSettings = {
				ALWAYS_SEARCH_USER_PATHS = NO;
				CLANG_CXX_LANGUAGE_STANDARD = "gnu++0x";
				CLANG_CXX_LIBRARY = "libc++";
				CLANG_ENABLE_MODULES = YES;
				CLANG_ENABLE_OBJC_ARC = YES;
				CLANG_WARN_BOOL_CONVERSION = YES;
				CLANG_WARN_CONSTANT_CONVERSION = YES;
				CLANG_WARN_DIRECT_OBJC_ISA_USAGE = YES_ERROR;
				CLANG_WARN_EMPTY_BODY = YES;
				CLANG_WARN_ENUM_CONVERSION = YES;
				CLANG_WARN_INT_CONVERSION = YES;
				CLANG_WARN_OBJC_ROOT_CLASS = YES_ERROR;
				CLANG_WARN_UNREACHABLE_CODE = YES;
				CLANG_WARN__DUPLICATE_METHOD_MATCH = YES;
				"CODE_SIGN_IDENTITY[sdk=iphoneos*]" = "iPhone Developer";
				COPY_PHASE_STRIP = NO;
				DEBUG_INFORMATION_FORMAT = "dwarf-with-dsym";
				ENABLE_NS_ASSERTIONS = NO;
				ENABLE_STRICT_OBJC_MSGSEND = YES;
				GCC_C_LANGUAGE_STANDARD = gnu99;
				GCC_NO_COMMON_BLOCKS = YES;
				GCC_WARN_64_TO_32_BIT_CONVERSION = YES;
				GCC_WARN_ABOUT_RETURN_TYPE = YES_ERROR;
				GCC_WARN_UNDECLARED_SELECTOR = YES;
				GCC_WARN_UNINITIALIZED_AUTOS = YES_AGGRESSIVE;
				GCC_WARN_UNUSED_FUNCTION = YES;
				GCC_WARN_UNUSED_VARIABLE = YES;
				IPHONEOS_DEPLOYMENT_TARGET = 8.4;
				MTL_ENABLE_DEBUG_INFO = NO;
				SDKROOT = iphoneos;
				TARGETED_DEVICE_FAMILY = "1,2";
				VALIDATE_PRODUCT = YES;
			};
			name = Release;
		};
		1ED22D251B94934B006F49DC /* Debug */ = {
			isa = XCBuildConfiguration;
			buildSettings = {
				ASSETCATALOG_COMPILER_APPICON_NAME = AppIcon;
				INFOPLIST_FILE = XCSTest2/Info.plist;
				IPHONEOS_DEPLOYMENT_TARGET = 8.0;
				LD_RUNPATH_SEARCH_PATHS = "$(inherited) @executable_path/Frameworks";
				PRODUCT_NAME = "$(TARGET_NAME)";
			};
			name = Debug;
		};
		1ED22D261B94934B006F49DC /* Release */ = {
			isa = XCBuildConfiguration;
			buildSettings = {
				ASSETCATALOG_COMPILER_APPICON_NAME = AppIcon;
				INFOPLIST_FILE = XCSTest2/Info.plist;
				IPHONEOS_DEPLOYMENT_TARGET = 8.0;
				LD_RUNPATH_SEARCH_PATHS = "$(inherited) @executable_path/Frameworks";
				PRODUCT_NAME = "$(TARGET_NAME)";
			};
			name = Release;
		};
		1ED22D281B94934B006F49DC /* Debug */ = {
			isa = XCBuildConfiguration;
			buildSettings = {
				BUNDLE_LOADER = "$(TEST_HOST)";
				FRAMEWORK_SEARCH_PATHS = (
					"$(SDKROOT)/Developer/Library/Frameworks",
					"$(inherited)",
				);
				GCC_PREPROCESSOR_DEFINITIONS = (
					"DEBUG=1",
					"$(inherited)",
				);
				INFOPLIST_FILE = XCSTest2Tests/Info.plist;
				LD_RUNPATH_SEARCH_PATHS = "$(inherited) @executable_path/Frameworks @loader_path/Frameworks";
				PRODUCT_NAME = "$(TARGET_NAME)";
				TEST_HOST = "$(BUILT_PRODUCTS_DIR)/XCSTest2.app/XCSTest2";
			};
			name = Debug;
		};
		1ED22D291B94934B006F49DC /* Release */ = {
			isa = XCBuildConfiguration;
			buildSettings = {
				BUNDLE_LOADER = "$(TEST_HOST)";
				FRAMEWORK_SEARCH_PATHS = (
					"$(SDKROOT)/Developer/Library/Frameworks",
					"$(inherited)",
				);
				INFOPLIST_FILE = XCSTest2Tests/Info.plist;
				LD_RUNPATH_SEARCH_PATHS = "$(inherited) @executable_path/Frameworks @loader_path/Frameworks";
				PRODUCT_NAME = "$(TARGET_NAME)";
				TEST_HOST = "$(BUILT_PRODUCTS_DIR)/XCSTest2.app/XCSTest2";
			};
			name = Release;
		};
/* End XCBuildConfiguration section */

/* Begin XCConfigurationList section */
		1ED22CFC1B94934B006F49DC /* Build configuration list for PBXProject "XCSTest2" */ = {
			isa = XCConfigurationList;
			buildConfigurations = (
				1ED22D221B94934B006F49DC /* Debug */,
				1ED22D231B94934B006F49DC /* Release */,
			);
			defaultConfigurationIsVisible = 0;
			defaultConfigurationName = Release;
		};
		1ED22D241B94934B006F49DC /* Build configuration list for PBXNativeTarget "XCSTest2" */ = {
			isa = XCConfigurationList;
			buildConfigurations = (
				1ED22D251B94934B006F49DC /* Debug */,
				1ED22D261B94934B006F49DC /* Release */,
			);
			defaultConfigurationIsVisible = 0;
		};
		1ED22D271B94934B006F49DC /* Build configuration list for PBXNativeTarget "XCSTest2Tests" */ = {
			isa = XCConfigurationList;
			buildConfigurations = (
				1ED22D281B94934B006F49DC /* Debug */,
				1ED22D291B94934B006F49DC /* Release */,
			);
			defaultConfigurationIsVisible = 0;
		};
/* End XCConfigurationList section */
	};
	rootObject = 1ED22CF91B94934B006F49DC /* Project object */;
}
